# @generated by Move, please check-in and do not edit manually.

[move]
version = 0
manifest_digest = "5FFD49FE6C0C1126C88156105CB2DC8B8B30085F12A96622B318738C9C492F80"
deps_digest = "3C4103934B1E040BB6B23F1D610B4EF9F2F1166A50A104EADCF77467C004C600"

dependencies = [
  { name = "Sui" },
  { name = "SuiGames" },
]

[[move.package]]
name = "MoveStdlib"
source = { git = "https://github.com/MystenLabs/sui.git", rev = "framework/testnet", subdir = "crates\\sui-framework\\packages\\move-stdlib" }

[[move.package]]
name = "Sui"
source = { git = "https://github.com/MystenLabs/sui.git", rev = "framework/testnet", subdir = "crates/sui-framework/packages/sui-framework" }

dependencies = [
  { name = "MoveStdlib" },
]

[[move.package]]
name = "SuiGames"
source = { local = "..\\sui-games" }

dependencies = [
  { name = "Sui" },
]
